
Microsoft Visual Studio Solution File, Format Version 12.00
# Visual Studio 14
VisualStudioVersion = 14.0.25420.1
MinimumVisualStudioVersion = 10.0.40219.1
Project("{FAE04EC0-301F-11D3-BF4B-00C04F79EFBC}") = "ImageTransformer", "ImageTransformer\ImageTransformer.csproj", "{2A5CFC92-FABE-405A-ADCB-0172358F8FA6}"
EndProject
Project("{FAE04EC0-301F-11D3-BF4B-00C04F79EFBC}") = "MVCImageTransformer", "MVCImageTransformer\MVCImageTransformer.csproj", "{F3DB7996-A441-4718-9135-7E0D98E7B94E}"
EndProject
Project("{FAE04EC0-301F-11D3-BF4B-00C04F79EFBC}") = "MVCImageTransformer.Tests", "MVCImageTransformer.Tests\MVCImageTransformer.Tests.csproj", "{18825D1B-9F22-408A-ACEE-0DBFAD675BBF}"
EndProject
Global
	GlobalSection(SolutionConfigurationPlatforms) = preSolution
		Debug|Any CPU = Debug|Any CPU
		Release|Any CPU = Release|Any CPU
	EndGlobalSection
	GlobalSection(ProjectConfigurationPlatforms) = postSolution
		{2A5CFC92-FABE-405A-ADCB-0172358F8FA6}.Debug|Any CPU.ActiveCfg = Debug|Any CPU
		{2A5CFC92-FABE-405A-ADCB-0172358F8FA6}.Debug|Any CPU.Build.0 = Debug|Any CPU
		{2A5CFC92-FABE-405A-ADCB-0172358F8FA6}.Release|Any CPU.ActiveCfg = Release|Any CPU
		{2A5CFC92-FABE-405A-ADCB-0172358F8FA6}.Release|Any CPU.Build.0 = Release|Any CPU
		{F3DB7996-A441-4718-9135-7E0D98E7B94E}.Debug|Any CPU.ActiveCfg = Debug|Any CPU
		{F3DB7996-A441-4718-9135-7E0D98E7B94E}.Debug|Any CPU.Build.0 = Debug|Any CPU
		{F3DB7996-A441-4718-9135-7E0D98E7B94E}.Release|Any CPU.ActiveCfg = Release|Any CPU
		{F3DB7996-A441-4718-9135-7E0D98E7B94E}.Release|Any CPU.Build.0 = Release|Any CPU
		{18825D1B-9F22-408A-ACEE-0DBFAD675BBF}.Debug|Any CPU.ActiveCfg = Debug|Any CPU
		{18825D1B-9F22-408A-ACEE-0DBFAD675BBF}.Debug|Any CPU.Build.0 = Debug|Any CPU
		{18825D1B-9F22-408A-ACEE-0DBFAD675BBF}.Release|Any CPU.ActiveCfg = Release|Any CPU
		{18825D1B-9F22-408A-ACEE-0DBFAD675BBF}.Release|Any CPU.Build.0 = Release|Any CPU
	EndGlobalSection
	GlobalSection(SolutionProperties) = preSolution
		HideSolutionNode = FALSE
	EndGlobalSection
EndGlobal
